
Microsoft Visual Studio Solution File, Format Version 12.00
# Visual Studio Version 17
VisualStudioVersion = 17.4.33213.308
MinimumVisualStudioVersion = 10.0.40219.1
Project("{FAE04EC0-301F-11D3-BF4B-00C04F79EFBC}") = "Actividad2con1Rectangulo", "Actividad2con1Rectangulo.csproj", "{B4FD2718-A905-428D-A9DA-A847AE5C82B7}"
EndProject
Global
	GlobalSection(SolutionConfigurationPlatforms) = preSolution
		Debug|Any CPU = Debug|Any CPU
		Release|Any CPU = Release|Any CPU
	EndGlobalSection
	GlobalSection(ProjectConfigurationPlatforms) = postSolution
		{B4FD2718-A905-428D-A9DA-A847AE5C82B7}.Debug|Any CPU.ActiveCfg = Debug|Any CPU
		{B4FD2718-A905-428D-A9DA-A847AE5C82B7}.Debug|Any CPU.Build.0 = Debug|Any CPU
		{B4FD2718-A905-428D-A9DA-A847AE5C82B7}.Release|Any CPU.ActiveCfg = Release|Any CPU
		{B4FD2718-A905-428D-A9DA-A847AE5C82B7}.Release|Any CPU.Build.0 = Release|Any CPU
	EndGlobalSection
	GlobalSection(SolutionProperties) = preSolution
		HideSolutionNode = FALSE
	EndGlobalSection
	GlobalSection(ExtensibilityGlobals) = postSolution
		SolutionGuid = {4897613E-D5AE-4D0B-93B0-3C93A0E14C0A}
	EndGlobalSection
EndGlobal
