
Microsoft Visual Studio Solution File, Format Version 12.00
# Visual Studio Version 17
VisualStudioVersion = 17.13.35919.96
MinimumVisualStudioVersion = 10.0.40219.1
Project("{9A19103F-16F7-4668-BE54-9A1E7A4F7556}") = "Actividad1con1Rectangulo", "Actividad1Rectangulo\Actividad1Rectangulo\Actividad1con1Rectangulo.csproj", "{3CAA8E48-4B6D-BEA0-8806-F8E73DEEBA0B}"
EndProject
Project("{9A19103F-16F7-4668-BE54-9A1E7A4F7556}") = "Actividad1con2Silo", "Actividad2Silo\Actividad1con2Silo.csproj", "{5B3679EA-4826-4EBC-AA21-CBE763C4C10F}"
EndProject
Project("{9A19103F-16F7-4668-BE54-9A1E7A4F7556}") = "Actividad2con4Persona", "..\..\..\Desktop\Actividad2con1Rectangulo\Actividad2con4Persona.csproj", "{202B7A49-02EF-4438-A6D2-49FA1EB98EF0}"
EndProject
Global
	GlobalSection(SolutionConfigurationPlatforms) = preSolution
		Debug|Any CPU = Debug|Any CPU
		Release|Any CPU = Release|Any CPU
	EndGlobalSection
	GlobalSection(ProjectConfigurationPlatforms) = postSolution
		{3CAA8E48-4B6D-BEA0-8806-F8E73DEEBA0B}.Debug|Any CPU.ActiveCfg = Debug|Any CPU
		{3CAA8E48-4B6D-BEA0-8806-F8E73DEEBA0B}.Debug|Any CPU.Build.0 = Debug|Any CPU
		{3CAA8E48-4B6D-BEA0-8806-F8E73DEEBA0B}.Release|Any CPU.ActiveCfg = Release|Any CPU
		{3CAA8E48-4B6D-BEA0-8806-F8E73DEEBA0B}.Release|Any CPU.Build.0 = Release|Any CPU
		{5B3679EA-4826-4EBC-AA21-CBE763C4C10F}.Debug|Any CPU.ActiveCfg = Debug|Any CPU
		{5B3679EA-4826-4EBC-AA21-CBE763C4C10F}.Debug|Any CPU.Build.0 = Debug|Any CPU
		{5B3679EA-4826-4EBC-AA21-CBE763C4C10F}.Release|Any CPU.ActiveCfg = Release|Any CPU
		{5B3679EA-4826-4EBC-AA21-CBE763C4C10F}.Release|Any CPU.Build.0 = Release|Any CPU
		{202B7A49-02EF-4438-A6D2-49FA1EB98EF0}.Debug|Any CPU.ActiveCfg = Debug|Any CPU
		{202B7A49-02EF-4438-A6D2-49FA1EB98EF0}.Debug|Any CPU.Build.0 = Debug|Any CPU
		{202B7A49-02EF-4438-A6D2-49FA1EB98EF0}.Release|Any CPU.ActiveCfg = Release|Any CPU
		{202B7A49-02EF-4438-A6D2-49FA1EB98EF0}.Release|Any CPU.Build.0 = Release|Any CPU
	EndGlobalSection
	GlobalSection(SolutionProperties) = preSolution
		HideSolutionNode = FALSE
	EndGlobalSection
	GlobalSection(ExtensibilityGlobals) = postSolution
		SolutionGuid = {C505CA07-42D3-48A9-9795-DEE728E6C1D2}
	EndGlobalSection
EndGlobal
