
Microsoft Visual Studio Solution File, Format Version 12.00
# Visual Studio Version 17
VisualStudioVersion = 17.13.35919.96
MinimumVisualStudioVersion = 10.0.40219.1
Project("{9A19103F-16F7-4668-BE54-9A1E7A4F7556}") = "Actividad1con1Rectangulo", "Actividad1Rectangulo\Actividad1Rectangulo\Actividad1con1Rectangulo.csproj", "{3CAA8E48-4B6D-BEA0-8806-F8E73DEEBA0B}"
EndProject
Project("{9A19103F-16F7-4668-BE54-9A1E7A4F7556}") = "Actividad1con2Silo", "Actividad2Silo\Actividad1con2Silo.csproj", "{5B3679EA-4826-4EBC-AA21-CBE763C4C10F}"
EndProject
Project("{9A19103F-16F7-4668-BE54-9A1E7A4F7556}") = "Actividad2con4Persona", "Actividad2con1Rectangulo\Actividad2con4Persona.csproj", "{6185D863-2AD1-8779-ABFF-1E706AD132E1}"
EndProject
Project("{9A19103F-16F7-4668-BE54-9A1E7A4F7556}") = "Actividad2con6Auto", "Actividad2con6Auto\Actividad2con6Auto.csproj", "{856021E4-C94B-4878-A559-6FC84B32927A}"
EndProject
Project("{2150E333-8FDC-42A3-9474-1A3956D46DE8}") = "Actividades Guias", "Actividades Guias", "{F0EDFB89-6BB1-4768-9E4E-D60F1F0FBE82}"
EndProject
Project("{2150E333-8FDC-42A3-9474-1A3956D46DE8}") = "Actividades Aparte", "Actividades Aparte", "{17AF5A8E-7577-4294-B676-E991E9D09EF6}"
EndProject
Project("{9A19103F-16F7-4668-BE54-9A1E7A4F7556}") = "ActividadBiblioteca", "ActividadBiblioteca\ActividadBiblioteca.csproj", "{8D0F5854-628F-4F71-8D49-048A64C342EB}"
EndProject
Project("{9A19103F-16F7-4668-BE54-9A1E7A4F7556}") = "Actividad2con10Automovil", "Actividad2con10Automovil\Actividad2con10Automovil.csproj", "{CD80B199-817E-495F-A778-736D6A282B32}"
EndProject
Project("{9A19103F-16F7-4668-BE54-9A1E7A4F7556}") = "ActividadTorneos", "ActividadTorneos\ActividadTorneos.csproj", "{B391ACDB-3365-4EAA-9198-98DB85FFC3E8}"
EndProject
Project("{FAE04EC0-301F-11D3-BF4B-00C04F79EFBC}") = "Actividad2con4PersonaForms", "Actividad2con4PersonaForms\Actividad2con4PersonaForms.csproj", "{EC3DEACB-659D-4F71-AB3A-3AA76FA1BD11}"
EndProject
Project("{FAE04EC0-301F-11D3-BF4B-00C04F79EFBC}") = "Actividad4con13personas", "Actividad4con13personas\Actividad4con13personas.csproj", "{6993FCEC-0101-4D08-B97A-01AB0BF0040A}"
EndProject
Global
	GlobalSection(SolutionConfigurationPlatforms) = preSolution
		Debug|Any CPU = Debug|Any CPU
		Release|Any CPU = Release|Any CPU
	EndGlobalSection
	GlobalSection(ProjectConfigurationPlatforms) = postSolution
		{3CAA8E48-4B6D-BEA0-8806-F8E73DEEBA0B}.Debug|Any CPU.ActiveCfg = Debug|Any CPU
		{3CAA8E48-4B6D-BEA0-8806-F8E73DEEBA0B}.Debug|Any CPU.Build.0 = Debug|Any CPU
		{3CAA8E48-4B6D-BEA0-8806-F8E73DEEBA0B}.Release|Any CPU.ActiveCfg = Release|Any CPU
		{3CAA8E48-4B6D-BEA0-8806-F8E73DEEBA0B}.Release|Any CPU.Build.0 = Release|Any CPU
		{5B3679EA-4826-4EBC-AA21-CBE763C4C10F}.Debug|Any CPU.ActiveCfg = Debug|Any CPU
		{5B3679EA-4826-4EBC-AA21-CBE763C4C10F}.Debug|Any CPU.Build.0 = Debug|Any CPU
		{5B3679EA-4826-4EBC-AA21-CBE763C4C10F}.Release|Any CPU.ActiveCfg = Release|Any CPU
		{5B3679EA-4826-4EBC-AA21-CBE763C4C10F}.Release|Any CPU.Build.0 = Release|Any CPU
		{6185D863-2AD1-8779-ABFF-1E706AD132E1}.Debug|Any CPU.ActiveCfg = Debug|Any CPU
		{6185D863-2AD1-8779-ABFF-1E706AD132E1}.Debug|Any CPU.Build.0 = Debug|Any CPU
		{6185D863-2AD1-8779-ABFF-1E706AD132E1}.Release|Any CPU.ActiveCfg = Release|Any CPU
		{6185D863-2AD1-8779-ABFF-1E706AD132E1}.Release|Any CPU.Build.0 = Release|Any CPU
		{856021E4-C94B-4878-A559-6FC84B32927A}.Debug|Any CPU.ActiveCfg = Debug|Any CPU
		{856021E4-C94B-4878-A559-6FC84B32927A}.Debug|Any CPU.Build.0 = Debug|Any CPU
		{856021E4-C94B-4878-A559-6FC84B32927A}.Release|Any CPU.ActiveCfg = Release|Any CPU
		{856021E4-C94B-4878-A559-6FC84B32927A}.Release|Any CPU.Build.0 = Release|Any CPU
		{8D0F5854-628F-4F71-8D49-048A64C342EB}.Debug|Any CPU.ActiveCfg = Debug|Any CPU
		{8D0F5854-628F-4F71-8D49-048A64C342EB}.Debug|Any CPU.Build.0 = Debug|Any CPU
		{8D0F5854-628F-4F71-8D49-048A64C342EB}.Release|Any CPU.ActiveCfg = Release|Any CPU
		{8D0F5854-628F-4F71-8D49-048A64C342EB}.Release|Any CPU.Build.0 = Release|Any CPU
		{CD80B199-817E-495F-A778-736D6A282B32}.Debug|Any CPU.ActiveCfg = Debug|Any CPU
		{CD80B199-817E-495F-A778-736D6A282B32}.Debug|Any CPU.Build.0 = Debug|Any CPU
		{CD80B199-817E-495F-A778-736D6A282B32}.Release|Any CPU.ActiveCfg = Release|Any CPU
		{CD80B199-817E-495F-A778-736D6A282B32}.Release|Any CPU.Build.0 = Release|Any CPU
		{B391ACDB-3365-4EAA-9198-98DB85FFC3E8}.Debug|Any CPU.ActiveCfg = Debug|Any CPU
		{B391ACDB-3365-4EAA-9198-98DB85FFC3E8}.Debug|Any CPU.Build.0 = Debug|Any CPU
		{B391ACDB-3365-4EAA-9198-98DB85FFC3E8}.Release|Any CPU.ActiveCfg = Release|Any CPU
		{B391ACDB-3365-4EAA-9198-98DB85FFC3E8}.Release|Any CPU.Build.0 = Release|Any CPU
		{EC3DEACB-659D-4F71-AB3A-3AA76FA1BD11}.Debug|Any CPU.ActiveCfg = Debug|Any CPU
		{EC3DEACB-659D-4F71-AB3A-3AA76FA1BD11}.Debug|Any CPU.Build.0 = Debug|Any CPU
		{EC3DEACB-659D-4F71-AB3A-3AA76FA1BD11}.Release|Any CPU.ActiveCfg = Release|Any CPU
		{EC3DEACB-659D-4F71-AB3A-3AA76FA1BD11}.Release|Any CPU.Build.0 = Release|Any CPU
		{6993FCEC-0101-4D08-B97A-01AB0BF0040A}.Debug|Any CPU.ActiveCfg = Debug|Any CPU
		{6993FCEC-0101-4D08-B97A-01AB0BF0040A}.Debug|Any CPU.Build.0 = Debug|Any CPU
		{6993FCEC-0101-4D08-B97A-01AB0BF0040A}.Release|Any CPU.ActiveCfg = Release|Any CPU
		{6993FCEC-0101-4D08-B97A-01AB0BF0040A}.Release|Any CPU.Build.0 = Release|Any CPU
	EndGlobalSection
	GlobalSection(SolutionProperties) = preSolution
		HideSolutionNode = FALSE
	EndGlobalSection
	GlobalSection(NestedProjects) = preSolution
		{3CAA8E48-4B6D-BEA0-8806-F8E73DEEBA0B} = {F0EDFB89-6BB1-4768-9E4E-D60F1F0FBE82}
		{5B3679EA-4826-4EBC-AA21-CBE763C4C10F} = {F0EDFB89-6BB1-4768-9E4E-D60F1F0FBE82}
		{6185D863-2AD1-8779-ABFF-1E706AD132E1} = {F0EDFB89-6BB1-4768-9E4E-D60F1F0FBE82}
		{856021E4-C94B-4878-A559-6FC84B32927A} = {F0EDFB89-6BB1-4768-9E4E-D60F1F0FBE82}
		{8D0F5854-628F-4F71-8D49-048A64C342EB} = {17AF5A8E-7577-4294-B676-E991E9D09EF6}
		{CD80B199-817E-495F-A778-736D6A282B32} = {F0EDFB89-6BB1-4768-9E4E-D60F1F0FBE82}
		{B391ACDB-3365-4EAA-9198-98DB85FFC3E8} = {17AF5A8E-7577-4294-B676-E991E9D09EF6}
		{EC3DEACB-659D-4F71-AB3A-3AA76FA1BD11} = {17AF5A8E-7577-4294-B676-E991E9D09EF6}
		{6993FCEC-0101-4D08-B97A-01AB0BF0040A} = {F0EDFB89-6BB1-4768-9E4E-D60F1F0FBE82}
	EndGlobalSection
	GlobalSection(ExtensibilityGlobals) = postSolution
		SolutionGuid = {C505CA07-42D3-48A9-9795-DEE728E6C1D2}
	EndGlobalSection
EndGlobal
