
Microsoft Visual Studio Solution File, Format Version 12.00
# Visual Studio Version 17
VisualStudioVersion = 17.4.33213.308
MinimumVisualStudioVersion = 10.0.40219.1
Project("{FAE04EC0-301F-11D3-BF4B-00C04F79EFBC}") = "ActividadBiblioteca", "ActividadBiblioteca.csproj", "{48B0CCD9-CF3A-410B-AEED-71E4A2ABEB06}"
EndProject
Global
	GlobalSection(SolutionConfigurationPlatforms) = preSolution
		Debug|Any CPU = Debug|Any CPU
		Release|Any CPU = Release|Any CPU
	EndGlobalSection
	GlobalSection(ProjectConfigurationPlatforms) = postSolution
		{48B0CCD9-CF3A-410B-AEED-71E4A2ABEB06}.Debug|Any CPU.ActiveCfg = Debug|Any CPU
		{48B0CCD9-CF3A-410B-AEED-71E4A2ABEB06}.Debug|Any CPU.Build.0 = Debug|Any CPU
		{48B0CCD9-CF3A-410B-AEED-71E4A2ABEB06}.Release|Any CPU.ActiveCfg = Release|Any CPU
		{48B0CCD9-CF3A-410B-AEED-71E4A2ABEB06}.Release|Any CPU.Build.0 = Release|Any CPU
	EndGlobalSection
	GlobalSection(SolutionProperties) = preSolution
		HideSolutionNode = FALSE
	EndGlobalSection
	GlobalSection(ExtensibilityGlobals) = postSolution
		SolutionGuid = {318D77A5-DE33-495A-8ED1-11CBE6691CC3}
	EndGlobalSection
EndGlobal
